
Microsoft Visual Studio Solution File, Format Version 12.00
# Visual Studio 15
VisualStudioVersion = 15.0.26124.0
MinimumVisualStudioVersion = 15.0.26124.0
Project("{F2A71F9B-5D33-465A-A702-920D77279786}") = "app", "app\app.fsproj", "{651EB69C-5878-4689-AEA3-1AB0398F23FD}"
EndProject
Project("{F2A71F9B-5D33-465A-A702-920D77279786}") = "test", "test\test.fsproj", "{8B2FE458-5DF2-4E9F-A36A-0857D9502E66}"
EndProject
Global
	GlobalSection(SolutionConfigurationPlatforms) = preSolution
		Debug|Any CPU = Debug|Any CPU
		Debug|x64 = Debug|x64
		Debug|x86 = Debug|x86
		Release|Any CPU = Release|Any CPU
		Release|x64 = Release|x64
		Release|x86 = Release|x86
	EndGlobalSection
	GlobalSection(SolutionProperties) = preSolution
		HideSolutionNode = FALSE
	EndGlobalSection
	GlobalSection(ProjectConfigurationPlatforms) = postSolution
		{651EB69C-5878-4689-AEA3-1AB0398F23FD}.Debug|Any CPU.ActiveCfg = Debug|Any CPU
		{651EB69C-5878-4689-AEA3-1AB0398F23FD}.Debug|Any CPU.Build.0 = Debug|Any CPU
		{651EB69C-5878-4689-AEA3-1AB0398F23FD}.Debug|x64.ActiveCfg = Debug|Any CPU
		{651EB69C-5878-4689-AEA3-1AB0398F23FD}.Debug|x64.Build.0 = Debug|Any CPU
		{651EB69C-5878-4689-AEA3-1AB0398F23FD}.Debug|x86.ActiveCfg = Debug|Any CPU
		{651EB69C-5878-4689-AEA3-1AB0398F23FD}.Debug|x86.Build.0 = Debug|Any CPU
		{651EB69C-5878-4689-AEA3-1AB0398F23FD}.Release|Any CPU.ActiveCfg = Release|Any CPU
		{651EB69C-5878-4689-AEA3-1AB0398F23FD}.Release|Any CPU.Build.0 = Release|Any CPU
		{651EB69C-5878-4689-AEA3-1AB0398F23FD}.Release|x64.ActiveCfg = Release|Any CPU
		{651EB69C-5878-4689-AEA3-1AB0398F23FD}.Release|x64.Build.0 = Release|Any CPU
		{651EB69C-5878-4689-AEA3-1AB0398F23FD}.Release|x86.ActiveCfg = Release|Any CPU
		{651EB69C-5878-4689-AEA3-1AB0398F23FD}.Release|x86.Build.0 = Release|Any CPU
		{8B2FE458-5DF2-4E9F-A36A-0857D9502E66}.Debug|Any CPU.ActiveCfg = Debug|Any CPU
		{8B2FE458-5DF2-4E9F-A36A-0857D9502E66}.Debug|Any CPU.Build.0 = Debug|Any CPU
		{8B2FE458-5DF2-4E9F-A36A-0857D9502E66}.Debug|x64.ActiveCfg = Debug|Any CPU
		{8B2FE458-5DF2-4E9F-A36A-0857D9502E66}.Debug|x64.Build.0 = Debug|Any CPU
		{8B2FE458-5DF2-4E9F-A36A-0857D9502E66}.Debug|x86.ActiveCfg = Debug|Any CPU
		{8B2FE458-5DF2-4E9F-A36A-0857D9502E66}.Debug|x86.Build.0 = Debug|Any CPU
		{8B2FE458-5DF2-4E9F-A36A-0857D9502E66}.Release|Any CPU.ActiveCfg = Release|Any CPU
		{8B2FE458-5DF2-4E9F-A36A-0857D9502E66}.Release|Any CPU.Build.0 = Release|Any CPU
		{8B2FE458-5DF2-4E9F-A36A-0857D9502E66}.Release|x64.ActiveCfg = Release|Any CPU
		{8B2FE458-5DF2-4E9F-A36A-0857D9502E66}.Release|x64.Build.0 = Release|Any CPU
		{8B2FE458-5DF2-4E9F-A36A-0857D9502E66}.Release|x86.ActiveCfg = Release|Any CPU
		{8B2FE458-5DF2-4E9F-A36A-0857D9502E66}.Release|x86.Build.0 = Release|Any CPU
	EndGlobalSection
EndGlobal
